
Microsoft Visual Studio Solution File, Format Version 12.00
# Visual Studio Version 17
VisualStudioVersion = 17.4.33213.308
MinimumVisualStudioVersion = 10.0.40219.1
Project("{FAE04EC0-301F-11D3-BF4B-00C04F79EFBC}") = "SignOfIntegerNumbers", "SignOfIntegerNumbers\SignOfIntegerNumbers.csproj", "{EB8267FE-E4D2-431F-91B2-09AFEE64E139}"
EndProject
Global
	GlobalSection(SolutionConfigurationPlatforms) = preSolution
		Debug|Any CPU = Debug|Any CPU
		Release|Any CPU = Release|Any CPU
	EndGlobalSection
	GlobalSection(ProjectConfigurationPlatforms) = postSolution
		{EB8267FE-E4D2-431F-91B2-09AFEE64E139}.Debug|Any CPU.ActiveCfg = Debug|Any CPU
		{EB8267FE-E4D2-431F-91B2-09AFEE64E139}.Debug|Any CPU.Build.0 = Debug|Any CPU
		{EB8267FE-E4D2-431F-91B2-09AFEE64E139}.Release|Any CPU.ActiveCfg = Release|Any CPU
		{EB8267FE-E4D2-431F-91B2-09AFEE64E139}.Release|Any CPU.Build.0 = Release|Any CPU
	EndGlobalSection
	GlobalSection(SolutionProperties) = preSolution
		HideSolutionNode = FALSE
	EndGlobalSection
	GlobalSection(ExtensibilityGlobals) = postSolution
		SolutionGuid = {45E59E39-46C2-4A00-ADB6-A02BE3B9D4F1}
	EndGlobalSection
EndGlobal
