
Microsoft Visual Studio Solution File, Format Version 12.00
# Visual Studio Version 17
VisualStudioVersion = 17.4.33213.308
MinimumVisualStudioVersion = 10.0.40219.1
Project("{FAE04EC0-301F-11D3-BF4B-00C04F79EFBC}") = "GUI App – Calculations", "GUI App – Calculations\GUI App – Calculations.csproj", "{5F2748CF-8569-48AA-BF25-185D47CDED1E}"
EndProject
Global
	GlobalSection(SolutionConfigurationPlatforms) = preSolution
		Debug|Any CPU = Debug|Any CPU
		Release|Any CPU = Release|Any CPU
	EndGlobalSection
	GlobalSection(ProjectConfigurationPlatforms) = postSolution
		{5F2748CF-8569-48AA-BF25-185D47CDED1E}.Debug|Any CPU.ActiveCfg = Debug|Any CPU
		{5F2748CF-8569-48AA-BF25-185D47CDED1E}.Debug|Any CPU.Build.0 = Debug|Any CPU
		{5F2748CF-8569-48AA-BF25-185D47CDED1E}.Release|Any CPU.ActiveCfg = Release|Any CPU
		{5F2748CF-8569-48AA-BF25-185D47CDED1E}.Release|Any CPU.Build.0 = Release|Any CPU
	EndGlobalSection
	GlobalSection(SolutionProperties) = preSolution
		HideSolutionNode = FALSE
	EndGlobalSection
	GlobalSection(ExtensibilityGlobals) = postSolution
		SolutionGuid = {214E1766-848C-426F-BCAB-FF0DCB70ED9E}
	EndGlobalSection
EndGlobal
